
Microsoft Visual Studio Solution File, Format Version 12.00
# Visual Studio Version 16
VisualStudioVersion = 16.0.32510.428
MinimumVisualStudioVersion = 10.0.40219.1
Project("{9A19103F-16F7-4668-BE54-9A1E7A4F7556}") = "CostApplication", "CostApplication.csproj", "{6AA1EE33-6190-430C-A9E3-F5DA89693062}"
EndProject
Project("{FAE04EC0-301F-11D3-BF4B-00C04F79EFBC}") = "CostApplication.Tests", "..\CostApplication.Tests\CostApplication.Tests.csproj", "{2DFCDE1A-CDA6-4250-BBE0-7886E8A887C2}"
EndProject
Global
	GlobalSection(SolutionConfigurationPlatforms) = preSolution
		Debug|Any CPU = Debug|Any CPU
		Release|Any CPU = Release|Any CPU
	EndGlobalSection
	GlobalSection(ProjectConfigurationPlatforms) = postSolution
		{6AA1EE33-6190-430C-A9E3-F5DA89693062}.Debug|Any CPU.ActiveCfg = Debug|Any CPU
		{6AA1EE33-6190-430C-A9E3-F5DA89693062}.Debug|Any CPU.Build.0 = Debug|Any CPU
		{6AA1EE33-6190-430C-A9E3-F5DA89693062}.Release|Any CPU.ActiveCfg = Release|Any CPU
		{6AA1EE33-6190-430C-A9E3-F5DA89693062}.Release|Any CPU.Build.0 = Release|Any CPU
		{2DFCDE1A-CDA6-4250-BBE0-7886E8A887C2}.Debug|Any CPU.ActiveCfg = Debug|Any CPU
		{2DFCDE1A-CDA6-4250-BBE0-7886E8A887C2}.Debug|Any CPU.Build.0 = Debug|Any CPU
		{2DFCDE1A-CDA6-4250-BBE0-7886E8A887C2}.Release|Any CPU.ActiveCfg = Release|Any CPU
		{2DFCDE1A-CDA6-4250-BBE0-7886E8A887C2}.Release|Any CPU.Build.0 = Release|Any CPU
	EndGlobalSection
	GlobalSection(SolutionProperties) = preSolution
		HideSolutionNode = FALSE
	EndGlobalSection
	GlobalSection(ExtensibilityGlobals) = postSolution
		SolutionGuid = {6E511341-CD72-4DB3-99C0-2D9CBB60D6F9}
	EndGlobalSection
EndGlobal
